// !$*UTF8*$!
{
	archiveVersion = 1;
	classes = {
	};
	objectVersion = 55;
	objects = {

/* Begin PBXBuildFile section */
		0188178CE163224A1E987C4A /* Pods_HW25_AndreyOala.framework in Frameworks */ = {isa = PBXBuildFile; fileRef = BCE237E3A00FDFBCE20398D7 /* Pods_HW25_AndreyOala.framework */; };
		5509B3CE289D4789006BE63B /* CardModel.swift in Sources */ = {isa = PBXBuildFile; fileRef = 5509B3CD289D4789006BE63B /* CardModel.swift */; };
		5509B3D1289D4919006BE63B /* DisplayableProtocol.swift in Sources */ = {isa = PBXBuildFile; fileRef = 5509B3D0289D4919006BE63B /* DisplayableProtocol.swift */; };
		5509B3D3289D4CA1006BE63B /* CardsModel.swift in Sources */ = {isa = PBXBuildFile; fileRef = 5509B3D2289D4CA1006BE63B /* CardsModel.swift */; };
		5509B3D5289D4D85006BE63B /* MTGView.swift in Sources */ = {isa = PBXBuildFile; fileRef = 5509B3D4289D4D85006BE63B /* MTGView.swift */; };
		5509B3D7289D4DA5006BE63B /* MTGTableViewCell.swift in Sources */ = {isa = PBXBuildFile; fileRef = 5509B3D6289D4DA5006BE63B /* MTGTableViewCell.swift */; };
		5509B3D9289D4E16006BE63B /* DetailMTGCardView.swift in Sources */ = {isa = PBXBuildFile; fileRef = 5509B3D8289D4E16006BE63B /* DetailMTGCardView.swift */; };
		559BE03F289D3DC5000376DE /* AppDelegate.swift in Sources */ = {isa = PBXBuildFile; fileRef = 559BE03E289D3DC5000376DE /* AppDelegate.swift */; };
		559BE041289D3DC5000376DE /* SceneDelegate.swift in Sources */ = {isa = PBXBuildFile; fileRef = 559BE040289D3DC5000376DE /* SceneDelegate.swift */; };
		559BE048289D3DC5000376DE /* Assets.xcassets in Resources */ = {isa = PBXBuildFile; fileRef = 559BE047289D3DC5000376DE /* Assets.xcassets */; };
		559BE04B289D3DC5000376DE /* LaunchScreen.storyboard in Resources */ = {isa = PBXBuildFile; fileRef = 559BE049289D3DC5000376DE /* LaunchScreen.storyboard */; };
		55AE8EED289D5716006D298F /* MTGController.swift in Sources */ = {isa = PBXBuildFile; fileRef = 55AE8EEC289D5716006D298F /* MTGController.swift */; };
		55AE8EEF289D5725006D298F /* DetailMTGController.swift in Sources */ = {isa = PBXBuildFile; fileRef = 55AE8EEE289D5725006D298F /* DetailMTGController.swift */; };
/* End PBXBuildFile section */

/* Begin PBXFileReference section */
		5509B3CD289D4789006BE63B /* CardModel.swift */ = {isa = PBXFileReference; lastKnownFileType = sourcecode.swift; path = CardModel.swift; sourceTree = "<group>"; };
		5509B3D0289D4919006BE63B /* DisplayableProtocol.swift */ = {isa = PBXFileReference; lastKnownFileType = sourcecode.swift; path = DisplayableProtocol.swift; sourceTree = "<group>"; };
		5509B3D2289D4CA1006BE63B /* CardsModel.swift */ = {isa = PBXFileReference; lastKnownFileType = sourcecode.swift; path = CardsModel.swift; sourceTree = "<group>"; };
		5509B3D4289D4D85006BE63B /* MTGView.swift */ = {isa = PBXFileReference; lastKnownFileType = sourcecode.swift; path = MTGView.swift; sourceTree = "<group>"; };
		5509B3D6289D4DA5006BE63B /* MTGTableViewCell.swift */ = {isa = PBXFileReference; lastKnownFileType = sourcecode.swift; path = MTGTableViewCell.swift; sourceTree = "<group>"; };
		5509B3D8289D4E16006BE63B /* DetailMTGCardView.swift */ = {isa = PBXFileReference; lastKnownFileType = sourcecode.swift; path = DetailMTGCardView.swift; sourceTree = "<group>"; };
		559BE03B289D3DC5000376DE /* HW25-AndreyOala.app */ = {isa = PBXFileReference; explicitFileType = wrapper.application; includeInIndex = 0; path = "HW25-AndreyOala.app"; sourceTree = BUILT_PRODUCTS_DIR; };
		559BE03E289D3DC5000376DE /* AppDelegate.swift */ = {isa = PBXFileReference; lastKnownFileType = sourcecode.swift; path = AppDelegate.swift; sourceTree = "<group>"; };
		559BE040289D3DC5000376DE /* SceneDelegate.swift */ = {isa = PBXFileReference; lastKnownFileType = sourcecode.swift; path = SceneDelegate.swift; sourceTree = "<group>"; };
		559BE047289D3DC5000376DE /* Assets.xcassets */ = {isa = PBXFileReference; lastKnownFileType = folder.assetcatalog; path = Assets.xcassets; sourceTree = "<group>"; };
		559BE04A289D3DC5000376DE /* Base */ = {isa = PBXFileReference; lastKnownFileType = file.storyboard; name = Base; path = Base.lproj/LaunchScreen.storyboard; sourceTree = "<group>"; };
		559BE04C289D3DC5000376DE /* Info.plist */ = {isa = PBXFileReference; lastKnownFileType = text.plist.xml; path = Info.plist; sourceTree = "<group>"; };
		55AE8EEC289D5716006D298F /* MTGController.swift */ = {isa = PBXFileReference; lastKnownFileType = sourcecode.swift; path = MTGController.swift; sourceTree = "<group>"; };
		55AE8EEE289D5725006D298F /* DetailMTGController.swift */ = {isa = PBXFileReference; lastKnownFileType = sourcecode.swift; path = DetailMTGController.swift; sourceTree = "<group>"; };
		9FCE8D4DB1C2F16739A656EE /* Pods-HW25-AndreyOala.debug.xcconfig */ = {isa = PBXFileReference; includeInIndex = 1; lastKnownFileType = text.xcconfig; name = "Pods-HW25-AndreyOala.debug.xcconfig"; path = "Target Support Files/Pods-HW25-AndreyOala/Pods-HW25-AndreyOala.debug.xcconfig"; sourceTree = "<group>"; };
		BCE237E3A00FDFBCE20398D7 /* Pods_HW25_AndreyOala.framework */ = {isa = PBXFileReference; explicitFileType = wrapper.framework; includeInIndex = 0; path = Pods_HW25_AndreyOala.framework; sourceTree = BUILT_PRODUCTS_DIR; };
		BD0564213F3E6F4DDFB7E7FC /* Pods-HW25-AndreyOala.release.xcconfig */ = {isa = PBXFileReference; includeInIndex = 1; lastKnownFileType = text.xcconfig; name = "Pods-HW25-AndreyOala.release.xcconfig"; path = "Target Support Files/Pods-HW25-AndreyOala/Pods-HW25-AndreyOala.release.xcconfig"; sourceTree = "<group>"; };
/* End PBXFileReference section */

/* Begin PBXFrameworksBuildPhase section */
		559BE038289D3DC4000376DE /* Frameworks */ = {
			isa = PBXFrameworksBuildPhase;
			buildActionMask = 2147483647;
			files = (
				0188178CE163224A1E987C4A /* Pods_HW25_AndreyOala.framework in Frameworks */,
			);
			runOnlyForDeploymentPostprocessing = 0;
		};
/* End PBXFrameworksBuildPhase section */

/* Begin PBXGroup section */
		5509B3C5289D4643006BE63B /* Sources */ = {
			isa = PBXGroup;
			children = (
				5509B3C8289D465E006BE63B /* Scenes */,
				5509B3C7289D4658006BE63B /* App */,
			);
			path = Sources;
			sourceTree = "<group>";
		};
		5509B3C6289D464C006BE63B /* Resources */ = {
			isa = PBXGroup;
			children = (
				559BE047289D3DC5000376DE /* Assets.xcassets */,
				559BE049289D3DC5000376DE /* LaunchScreen.storyboard */,
				559BE04C289D3DC5000376DE /* Info.plist */,
			);
			path = Resources;
			sourceTree = "<group>";
		};
		5509B3C7289D4658006BE63B /* App */ = {
			isa = PBXGroup;
			children = (
				559BE03E289D3DC5000376DE /* AppDelegate.swift */,
				559BE040289D3DC5000376DE /* SceneDelegate.swift */,
			);
			path = App;
			sourceTree = "<group>";
		};
		5509B3C8289D465E006BE63B /* Scenes */ = {
			isa = PBXGroup;
			children = (
				5509B3CF289D4905006BE63B /* Protocol */,
				5509B3CC289D4721006BE63B /* Model */,
				5509B3CB289D4711006BE63B /* View */,
				5509B3CA289D46BC006BE63B /* Controller */,
			);
			path = Scenes;
			sourceTree = "<group>";
		};
		5509B3CA289D46BC006BE63B /* Controller */ = {
			isa = PBXGroup;
			children = (
				55AE8EEC289D5716006D298F /* MTGController.swift */,
				55AE8EEE289D5725006D298F /* DetailMTGController.swift */,
			);
			path = Controller;
			sourceTree = "<group>";
		};
		5509B3CB289D4711006BE63B /* View */ = {
			isa = PBXGroup;
			children = (
				5509B3D4289D4D85006BE63B /* MTGView.swift */,
				5509B3D6289D4DA5006BE63B /* MTGTableViewCell.swift */,
				5509B3D8289D4E16006BE63B /* DetailMTGCardView.swift */,
			);
			path = View;
			sourceTree = "<group>";
		};
		5509B3CC289D4721006BE63B /* Model */ = {
			isa = PBXGroup;
			children = (
				5509B3CD289D4789006BE63B /* CardModel.swift */,
				5509B3D2289D4CA1006BE63B /* CardsModel.swift */,
			);
			path = Model;
			sourceTree = "<group>";
		};
		5509B3CF289D4905006BE63B /* Protocol */ = {
			isa = PBXGroup;
			children = (
				5509B3D0289D4919006BE63B /* DisplayableProtocol.swift */,
			);
			path = Protocol;
			sourceTree = "<group>";
		};
		559BE032289D3DC4000376DE = {
			isa = PBXGroup;
			children = (
				559BE03D289D3DC5000376DE /* HW25-AndreyOala */,
				559BE03C289D3DC5000376DE /* Products */,
				67593AD935B36568DDF29D78 /* Pods */,
				AAEF9B9850ED28C291F47B1E /* Frameworks */,
			);
			sourceTree = "<group>";
		};
		559BE03C289D3DC5000376DE /* Products */ = {
			isa = PBXGroup;
			children = (
				559BE03B289D3DC5000376DE /* HW25-AndreyOala.app */,
			);
			name = Products;
			sourceTree = "<group>";
		};
		559BE03D289D3DC5000376DE /* HW25-AndreyOala */ = {
			isa = PBXGroup;
			children = (
				5509B3C6289D464C006BE63B /* Resources */,
				5509B3C5289D4643006BE63B /* Sources */,
			);
			path = "HW25-AndreyOala";
			sourceTree = "<group>";
		};
		67593AD935B36568DDF29D78 /* Pods */ = {
			isa = PBXGroup;
			children = (
				9FCE8D4DB1C2F16739A656EE /* Pods-HW25-AndreyOala.debug.xcconfig */,
				BD0564213F3E6F4DDFB7E7FC /* Pods-HW25-AndreyOala.release.xcconfig */,
			);
			path = Pods;
			sourceTree = "<group>";
		};
		AAEF9B9850ED28C291F47B1E /* Frameworks */ = {
			isa = PBXGroup;
			children = (
				BCE237E3A00FDFBCE20398D7 /* Pods_HW25_AndreyOala.framework */,
			);
			name = Frameworks;
			sourceTree = "<group>";
		};
/* End PBXGroup section */

/* Begin PBXNativeTarget section */
		559BE03A289D3DC4000376DE /* HW25-AndreyOala */ = {
			isa = PBXNativeTarget;
			buildConfigurationList = 559BE04F289D3DC5000376DE /* Build configuration list for PBXNativeTarget "HW25-AndreyOala" */;
			buildPhases = (
				4B58AA466A723443AD30ACF5 /* [CP] Check Pods Manifest.lock */,
				559BE037289D3DC4000376DE /* Sources */,
				559BE038289D3DC4000376DE /* Frameworks */,
				559BE039289D3DC4000376DE /* Resources */,
				8AE66CF3EED3C2D238610847 /* [CP] Embed Pods Frameworks */,
			);
			buildRules = (
			);
			dependencies = (
			);
			name = "HW25-AndreyOala";
			productName = "HW25-AndreyOala";
			productReference = 559BE03B289D3DC5000376DE /* HW25-AndreyOala.app */;
			productType = "com.apple.product-type.application";
		};
/* End PBXNativeTarget section */

/* Begin PBXProject section */
		559BE033289D3DC4000376DE /* Project object */ = {
			isa = PBXProject;
			attributes = {
				BuildIndependentTargetsInParallel = 1;
				LastSwiftUpdateCheck = 1340;
				LastUpgradeCheck = 1340;
				TargetAttributes = {
					559BE03A289D3DC4000376DE = {
						CreatedOnToolsVersion = 13.4.1;
					};
				};
			};
			buildConfigurationList = 559BE036289D3DC4000376DE /* Build configuration list for PBXProject "HW25-AndreyOala" */;
			compatibilityVersion = "Xcode 13.0";
			developmentRegion = en;
			hasScannedForEncodings = 0;
			knownRegions = (
				en,
				Base,
			);
			mainGroup = 559BE032289D3DC4000376DE;
			productRefGroup = 559BE03C289D3DC5000376DE /* Products */;
			projectDirPath = "";
			projectRoot = "";
			targets = (
				559BE03A289D3DC4000376DE /* HW25-AndreyOala */,
			);
		};
/* End PBXProject section */

/* Begin PBXResourcesBuildPhase section */
		559BE039289D3DC4000376DE /* Resources */ = {
			isa = PBXResourcesBuildPhase;
			buildActionMask = 2147483647;
			files = (
				559BE04B289D3DC5000376DE /* LaunchScreen.storyboard in Resources */,
				559BE048289D3DC5000376DE /* Assets.xcassets in Resources */,
			);
			runOnlyForDeploymentPostprocessing = 0;
		};
/* End PBXResourcesBuildPhase section */

/* Begin PBXShellScriptBuildPhase section */
		4B58AA466A723443AD30ACF5 /* [CP] Check Pods Manifest.lock */ = {
			isa = PBXShellScriptBuildPhase;
			buildActionMask = 2147483647;
			files = (
			);
			inputFileListPaths = (
			);
			inputPaths = (
				"${PODS_PODFILE_DIR_PATH}/Podfile.lock",
				"${PODS_ROOT}/Manifest.lock",
			);
			name = "[CP] Check Pods Manifest.lock";
			outputFileListPaths = (
			);
			outputPaths = (
				"$(DERIVED_FILE_DIR)/Pods-HW25-AndreyOala-checkManifestLockResult.txt",
			);
			runOnlyForDeploymentPostprocessing = 0;
			shellPath = /bin/sh;
			shellScript = "diff \"${PODS_PODFILE_DIR_PATH}/Podfile.lock\" \"${PODS_ROOT}/Manifest.lock\" > /dev/null\nif [ $? != 0 ] ; then\n    # print error to STDERR\n    echo \"error: The sandbox is not in sync with the Podfile.lock. Run 'pod install' or update your CocoaPods installation.\" >&2\n    exit 1\nfi\n# This output is used by Xcode 'outputs' to avoid re-running this script phase.\necho \"SUCCESS\" > \"${SCRIPT_OUTPUT_FILE_0}\"\n";
			showEnvVarsInLog = 0;
		};
		8AE66CF3EED3C2D238610847 /* [CP] Embed Pods Frameworks */ = {
			isa = PBXShellScriptBuildPhase;
			buildActionMask = 2147483647;
			files = (
			);
			inputFileListPaths = (
				"${PODS_ROOT}/Target Support Files/Pods-HW25-AndreyOala/Pods-HW25-AndreyOala-frameworks-${CONFIGURATION}-input-files.xcfilelist",
			);
			name = "[CP] Embed Pods Frameworks";
			outputFileListPaths = (
				"${PODS_ROOT}/Target Support Files/Pods-HW25-AndreyOala/Pods-HW25-AndreyOala-frameworks-${CONFIGURATION}-output-files.xcfilelist",
			);
			runOnlyForDeploymentPostprocessing = 0;
			shellPath = /bin/sh;
			shellScript = "\"${PODS_ROOT}/Target Support Files/Pods-HW25-AndreyOala/Pods-HW25-AndreyOala-frameworks.sh\"\n";
			showEnvVarsInLog = 0;
		};
/* End PBXShellScriptBuildPhase section */

/* Begin PBXSourcesBuildPhase section */
		559BE037289D3DC4000376DE /* Sources */ = {
			isa = PBXSourcesBuildPhase;
			buildActionMask = 2147483647;
			files = (
				5509B3D5289D4D85006BE63B /* MTGView.swift in Sources */,
				5509B3D1289D4919006BE63B /* DisplayableProtocol.swift in Sources */,
				5509B3D9289D4E16006BE63B /* DetailMTGCardView.swift in Sources */,
				5509B3CE289D4789006BE63B /* CardModel.swift in Sources */,
				5509B3D7289D4DA5006BE63B /* MTGTableViewCell.swift in Sources */,
				55AE8EED289D5716006D298F /* MTGController.swift in Sources */,
				5509B3D3289D4CA1006BE63B /* CardsModel.swift in Sources */,
				55AE8EEF289D5725006D298F /* DetailMTGController.swift in Sources */,
				559BE03F289D3DC5000376DE /* AppDelegate.swift in Sources */,
				559BE041289D3DC5000376DE /* SceneDelegate.swift in Sources */,
			);
			runOnlyForDeploymentPostprocessing = 0;
		};
/* End PBXSourcesBuildPhase section */

/* Begin PBXVariantGroup section */
		559BE049289D3DC5000376DE /* LaunchScreen.storyboard */ = {
			isa = PBXVariantGroup;
			children = (
				559BE04A289D3DC5000376DE /* Base */,
			);
			name = LaunchScreen.storyboard;
			sourceTree = "<group>";
		};
/* End PBXVariantGroup section */

/* Begin XCBuildConfiguration section */
		559BE04D289D3DC5000376DE /* Debug */ = {
			isa = XCBuildConfiguration;
			buildSettings = {
				ALWAYS_SEARCH_USER_PATHS = NO;
				CLANG_ANALYZER_NONNULL = YES;
				CLANG_ANALYZER_NUMBER_OBJECT_CONVERSION = YES_AGGRESSIVE;
				CLANG_CXX_LANGUAGE_STANDARD = "gnu++17";
				CLANG_ENABLE_MODULES = YES;
				CLANG_ENABLE_OBJC_ARC = YES;
				CLANG_ENABLE_OBJC_WEAK = YES;
				CLANG_WARN_BLOCK_CAPTURE_AUTORELEASING = YES;
				CLANG_WARN_BOOL_CONVERSION = YES;
				CLANG_WARN_COMMA = YES;
				CLANG_WARN_CONSTANT_CONVERSION = YES;
				CLANG_WARN_DEPRECATED_OBJC_IMPLEMENTATIONS = YES;
				CLANG_WARN_DIRECT_OBJC_ISA_USAGE = YES_ERROR;
				CLANG_WARN_DOCUMENTATION_COMMENTS = YES;
				CLANG_WARN_EMPTY_BODY = YES;
				CLANG_WARN_ENUM_CONVERSION = YES;
				CLANG_WARN_INFINITE_RECURSION = YES;
				CLANG_WARN_INT_CONVERSION = YES;
				CLANG_WARN_NON_LITERAL_NULL_CONVERSION = YES;
				CLANG_WARN_OBJC_IMPLICIT_RETAIN_SELF = YES;
				CLANG_WARN_OBJC_LITERAL_CONVERSION = YES;
				CLANG_WARN_OBJC_ROOT_CLASS = YES_ERROR;
				CLANG_WARN_QUOTED_INCLUDE_IN_FRAMEWORK_HEADER = YES;
				CLANG_WARN_RANGE_LOOP_ANALYSIS = YES;
				CLANG_WARN_STRICT_PROTOTYPES = YES;
				CLANG_WARN_SUSPICIOUS_MOVE = YES;
				CLANG_WARN_UNGUARDED_AVAILABILITY = YES_AGGRESSIVE;
				CLANG_WARN_UNREACHABLE_CODE = YES;
				CLANG_WARN__DUPLICATE_METHOD_MATCH = YES;
				COPY_PHASE_STRIP = NO;
				DEBUG_INFORMATION_FORMAT = dwarf;
				ENABLE_STRICT_OBJC_MSGSEND = YES;
				ENABLE_TESTABILITY = YES;
				GCC_C_LANGUAGE_STANDARD = gnu11;
				GCC_DYNAMIC_NO_PIC = NO;
				GCC_NO_COMMON_BLOCKS = YES;
				GCC_OPTIMIZATION_LEVEL = 0;
				GCC_PREPROCESSOR_DEFINITIONS = (
					"DEBUG=1",
					"$(inherited)",
				);
				GCC_WARN_64_TO_32_BIT_CONVERSION = YES;
				GCC_WARN_ABOUT_RETURN_TYPE = YES_ERROR;
				GCC_WARN_UNDECLARED_SELECTOR = YES;
				GCC_WARN_UNINITIALIZED_AUTOS = YES_AGGRESSIVE;
				GCC_WARN_UNUSED_FUNCTION = YES;
				GCC_WARN_UNUSED_VARIABLE = YES;
				IPHONEOS_DEPLOYMENT_TARGET = 15.5;
				MTL_ENABLE_DEBUG_INFO = INCLUDE_SOURCE;
				MTL_FAST_MATH = YES;
				ONLY_ACTIVE_ARCH = YES;
				SDKROOT = iphoneos;
				SWIFT_ACTIVE_COMPILATION_CONDITIONS = DEBUG;
				SWIFT_OPTIMIZATION_LEVEL = "-Onone";
			};
			name = Debug;
		};
		559BE04E289D3DC5000376DE /* Release */ = {
			isa = XCBuildConfiguration;
			buildSettings = {
				ALWAYS_SEARCH_USER_PATHS = NO;
				CLANG_ANALYZER_NONNULL = YES;
				CLANG_ANALYZER_NUMBER_OBJECT_CONVERSION = YES_AGGRESSIVE;
				CLANG_CXX_LANGUAGE_STANDARD = "gnu++17";
				CLANG_ENABLE_MODULES = YES;
				CLANG_ENABLE_OBJC_ARC = YES;
				CLANG_ENABLE_OBJC_WEAK = YES;
				CLANG_WARN_BLOCK_CAPTURE_AUTORELEASING = YES;
				CLANG_WARN_BOOL_CONVERSION = YES;
				CLANG_WARN_COMMA = YES;
				CLANG_WARN_CONSTANT_CONVERSION = YES;
				CLANG_WARN_DEPRECATED_OBJC_IMPLEMENTATIONS = YES;
				CLANG_WARN_DIRECT_OBJC_ISA_USAGE = YES_ERROR;
				CLANG_WARN_DOCUMENTATION_COMMENTS = YES;
				CLANG_WARN_EMPTY_BODY = YES;
				CLANG_WARN_ENUM_CONVERSION = YES;
				CLANG_WARN_INFINITE_RECURSION = YES;
				CLANG_WARN_INT_CONVERSION = YES;
				CLANG_WARN_NON_LITERAL_NULL_CONVERSION = YES;
				CLANG_WARN_OBJC_IMPLICIT_RETAIN_SELF = YES;
				CLANG_WARN_OBJC_LITERAL_CONVERSION = YES;
				CLANG_WARN_OBJC_ROOT_CLASS = YES_ERROR;
				CLANG_WARN_QUOTED_INCLUDE_IN_FRAMEWORK_HEADER = YES;
				CLANG_WARN_RANGE_LOOP_ANALYSIS = YES;
				CLANG_WARN_STRICT_PROTOTYPES = YES;
				CLANG_WARN_SUSPICIOUS_MOVE = YES;
				CLANG_WARN_UNGUARDED_AVAILABILITY = YES_AGGRESSIVE;
				CLANG_WARN_UNREACHABLE_CODE = YES;
				CLANG_WARN__DUPLICATE_METHOD_MATCH = YES;
				COPY_PHASE_STRIP = NO;
				DEBUG_INFORMATION_FORMAT = "dwarf-with-dsym";
				ENABLE_NS_ASSERTIONS = NO;
				ENABLE_STRICT_OBJC_MSGSEND = YES;
				GCC_C_LANGUAGE_STANDARD = gnu11;
				GCC_NO_COMMON_BLOCKS = YES;
				GCC_WARN_64_TO_32_BIT_CONVERSION = YES;
				GCC_WARN_ABOUT_RETURN_TYPE = YES_ERROR;
				GCC_WARN_UNDECLARED_SELECTOR = YES;
				GCC_WARN_UNINITIALIZED_AUTOS = YES_AGGRESSIVE;
				GCC_WARN_UNUSED_FUNCTION = YES;
				GCC_WARN_UNUSED_VARIABLE = YES;
				IPHONEOS_DEPLOYMENT_TARGET = 15.5;
				MTL_ENABLE_DEBUG_INFO = NO;
				MTL_FAST_MATH = YES;
				SDKROOT = iphoneos;
				SWIFT_COMPILATION_MODE = wholemodule;
				SWIFT_OPTIMIZATION_LEVEL = "-O";
				VALIDATE_PRODUCT = YES;
			};
			name = Release;
		};
		559BE050289D3DC5000376DE /* Debug */ = {
			isa = XCBuildConfiguration;
			baseConfigurationReference = 9FCE8D4DB1C2F16739A656EE /* Pods-HW25-AndreyOala.debug.xcconfig */;
			buildSettings = {
				ASSETCATALOG_COMPILER_APPICON_NAME = AppIcon;
				ASSETCATALOG_COMPILER_GLOBAL_ACCENT_COLOR_NAME = AccentColor;
				CODE_SIGN_STYLE = Automatic;
				CURRENT_PROJECT_VERSION = 1;
				DEVELOPMENT_TEAM = G56UY8T9JR;
				GENERATE_INFOPLIST_FILE = YES;
				INFOPLIST_FILE = "HW25-AndreyOala/Resources/Info.plist";
				INFOPLIST_KEY_UIApplicationSupportsIndirectInputEvents = YES;
				INFOPLIST_KEY_UILaunchStoryboardName = LaunchScreen;
				INFOPLIST_KEY_UISupportedInterfaceOrientations_iPad = "UIInterfaceOrientationPortrait UIInterfaceOrientationPortraitUpsideDown UIInterfaceOrientationLandscapeLeft UIInterfaceOrientationLandscapeRight";
				INFOPLIST_KEY_UISupportedInterfaceOrientations_iPhone = "UIInterfaceOrientationPortrait UIInterfaceOrientationLandscapeLeft UIInterfaceOrientationLandscapeRight";
				LD_RUNPATH_SEARCH_PATHS = (
					"$(inherited)",
					"@executable_path/Frameworks",
				);
				MARKETING_VERSION = 1.0;
				PRODUCT_BUNDLE_IDENTIFIER = "mobdev.HW25-AndreyOala";
				PRODUCT_NAME = "$(TARGET_NAME)";
				SWIFT_EMIT_LOC_STRINGS = YES;
				SWIFT_VERSION = 5.0;
				TARGETED_DEVICE_FAMILY = "1,2";
			};
			name = Debug;
		};
		559BE051289D3DC5000376DE /* Release */ = {
			isa = XCBuildConfiguration;
			baseConfigurationReference = BD0564213F3E6F4DDFB7E7FC /* Pods-HW25-AndreyOala.release.xcconfig */;
			buildSettings = {
				ASSETCATALOG_COMPILER_APPICON_NAME = AppIcon;
				ASSETCATALOG_COMPILER_GLOBAL_ACCENT_COLOR_NAME = AccentColor;
				CODE_SIGN_STYLE = Automatic;
				CURRENT_PROJECT_VERSION = 1;
				DEVELOPMENT_TEAM = G56UY8T9JR;
				GENERATE_INFOPLIST_FILE = YES;
				INFOPLIST_FILE = "HW25-AndreyOala/Resources/Info.plist";
				INFOPLIST_KEY_UIApplicationSupportsIndirectInputEvents = YES;
				INFOPLIST_KEY_UILaunchStoryboardName = LaunchScreen;
				INFOPLIST_KEY_UISupportedInterfaceOrientations_iPad = "UIInterfaceOrientationPortrait UIInterfaceOrientationPortraitUpsideDown UIInterfaceOrientationLandscapeLeft UIInterfaceOrientationLandscapeRight";
				INFOPLIST_KEY_UISupportedInterfaceOrientations_iPhone = "UIInterfaceOrientationPortrait UIInterfaceOrientationLandscapeLeft UIInterfaceOrientationLandscapeRight";
				LD_RUNPATH_SEARCH_PATHS = (
					"$(inherited)",
					"@executable_path/Frameworks",
				);
				MARKETING_VERSION = 1.0;
				PRODUCT_BUNDLE_IDENTIFIER = "mobdev.HW25-AndreyOala";
				PRODUCT_NAME = "$(TARGET_NAME)";
				SWIFT_EMIT_LOC_STRINGS = YES;
				SWIFT_VERSION = 5.0;
				TARGETED_DEVICE_FAMILY = "1,2";
			};
			name = Release;
		};
/* End XCBuildConfiguration section */

/* Begin XCConfigurationList section */
		559BE036289D3DC4000376DE /* Build configuration list for PBXProject "HW25-AndreyOala" */ = {
			isa = XCConfigurationList;
			buildConfigurations = (
				559BE04D289D3DC5000376DE /* Debug */,
				559BE04E289D3DC5000376DE /* Release */,
			);
			defaultConfigurationIsVisible = 0;
			defaultConfigurationName = Release;
		};
		559BE04F289D3DC5000376DE /* Build configuration list for PBXNativeTarget "HW25-AndreyOala" */ = {
			isa = XCConfigurationList;
			buildConfigurations = (
				559BE050289D3DC5000376DE /* Debug */,
				559BE051289D3DC5000376DE /* Release */,
			);
			defaultConfigurationIsVisible = 0;
			defaultConfigurationName = Release;
		};
/* End XCConfigurationList section */
	};
	rootObject = 559BE033289D3DC4000376DE /* Project object */;
}
